
Microsoft Visual Studio Solution File, Format Version 12.00
# Visual Studio Version 17
VisualStudioVersion = 17.5.33414.496
MinimumVisualStudioVersion = 10.0.40219.1
Project("{9A19103F-16F7-4668-BE54-9A1E7A4F7556}") = "SoulseekAPI", "SoulseekAPI\SoulseekAPI.csproj", "{0196C397-2A6C-4C21-B662-CCFDF27F26AE}"
EndProject
Global
	GlobalSection(SolutionConfigurationPlatforms) = preSolution
		Debug|Any CPU = Debug|Any CPU
		Release|Any CPU = Release|Any CPU
	EndGlobalSection
	GlobalSection(ProjectConfigurationPlatforms) = postSolution
		{0196C397-2A6C-4C21-B662-CCFDF27F26AE}.Debug|Any CPU.ActiveCfg = Debug|Any CPU
		{0196C397-2A6C-4C21-B662-CCFDF27F26AE}.Debug|Any CPU.Build.0 = Debug|Any CPU
		{0196C397-2A6C-4C21-B662-CCFDF27F26AE}.Release|Any CPU.ActiveCfg = Release|Any CPU
		{0196C397-2A6C-4C21-B662-CCFDF27F26AE}.Release|Any CPU.Build.0 = Release|Any CPU
	EndGlobalSection
	GlobalSection(SolutionProperties) = preSolution
		HideSolutionNode = FALSE
	EndGlobalSection
	GlobalSection(ExtensibilityGlobals) = postSolution
		SolutionGuid = {BF08C732-5EA0-404E-ADC2-264910D41B1D}
	EndGlobalSection
EndGlobal
